
Microsoft Visual Studio Solution File, Format Version 12.00
# Visual Studio Version 17
VisualStudioVersion = 17.3.32922.545
MinimumVisualStudioVersion = 10.0.40219.1
Project("{FAE04EC0-301F-11D3-BF4B-00C04F79EFBC}") = "FileZipper", "FileZipper\FileZipper.csproj", "{018D4180-2922-46B2-A2A2-0CB7DD5ABBAD}"
EndProject
Global
	GlobalSection(SolutionConfigurationPlatforms) = preSolution
		Debug|Any CPU = Debug|Any CPU
		Release|Any CPU = Release|Any CPU
	EndGlobalSection
	GlobalSection(ProjectConfigurationPlatforms) = postSolution
		{018D4180-2922-46B2-A2A2-0CB7DD5ABBAD}.Debug|Any CPU.ActiveCfg = Debug|Any CPU
		{018D4180-2922-46B2-A2A2-0CB7DD5ABBAD}.Debug|Any CPU.Build.0 = Debug|Any CPU
		{018D4180-2922-46B2-A2A2-0CB7DD5ABBAD}.Release|Any CPU.ActiveCfg = Release|Any CPU
		{018D4180-2922-46B2-A2A2-0CB7DD5ABBAD}.Release|Any CPU.Build.0 = Release|Any CPU
	EndGlobalSection
	GlobalSection(SolutionProperties) = preSolution
		HideSolutionNode = FALSE
	EndGlobalSection
	GlobalSection(ExtensibilityGlobals) = postSolution
		SolutionGuid = {4B8B8AB4-BC9B-429B-9A17-645A5D6E31FD}
	EndGlobalSection
EndGlobal
